
Microsoft Visual Studio Solution File, Format Version 12.00
# Visual Studio Version 16
VisualStudioVersion = 16.0.29920.165
MinimumVisualStudioVersion = 10.0.40219.1
Project("{FAE04EC0-301F-11D3-BF4B-00C04F79EFBC}") = "MasterServer", "MasterServer\MasterServer.csproj", "{2E92E2B7-EFE3-4F1A-90B1-404EFCD276DE}"
EndProject
Project("{9A19103F-16F7-4668-BE54-9A1E7A4F7556}") = "Nez", "Nez.Portable\Nez.csproj", "{ED81469B-AE7C-4D0F-8F83-FA1B75D2955D}"
EndProject
Global
	GlobalSection(SolutionConfigurationPlatforms) = preSolution
		Debug|Any CPU = Debug|Any CPU
		Release|Any CPU = Release|Any CPU
	EndGlobalSection
	GlobalSection(ProjectConfigurationPlatforms) = postSolution
		{2E92E2B7-EFE3-4F1A-90B1-404EFCD276DE}.Debug|Any CPU.ActiveCfg = Debug|Any CPU
		{2E92E2B7-EFE3-4F1A-90B1-404EFCD276DE}.Debug|Any CPU.Build.0 = Debug|Any CPU
		{2E92E2B7-EFE3-4F1A-90B1-404EFCD276DE}.Release|Any CPU.ActiveCfg = Release|Any CPU
		{2E92E2B7-EFE3-4F1A-90B1-404EFCD276DE}.Release|Any CPU.Build.0 = Release|Any CPU
		{ED81469B-AE7C-4D0F-8F83-FA1B75D2955D}.Debug|Any CPU.ActiveCfg = Debug|Any CPU
		{ED81469B-AE7C-4D0F-8F83-FA1B75D2955D}.Debug|Any CPU.Build.0 = Debug|Any CPU
		{ED81469B-AE7C-4D0F-8F83-FA1B75D2955D}.Release|Any CPU.ActiveCfg = Release|Any CPU
		{ED81469B-AE7C-4D0F-8F83-FA1B75D2955D}.Release|Any CPU.Build.0 = Release|Any CPU
	EndGlobalSection
	GlobalSection(SolutionProperties) = preSolution
		HideSolutionNode = FALSE
	EndGlobalSection
	GlobalSection(ExtensibilityGlobals) = postSolution
		SolutionGuid = {5D082435-5567-45E2-9464-16A4AC79F72B}
	EndGlobalSection
EndGlobal
