
Microsoft Visual Studio Solution File, Format Version 12.00
# Visual Studio Version 16
VisualStudioVersion = 16.0.29920.165
MinimumVisualStudioVersion = 10.0.40219.1
Project("{9A19103F-16F7-4668-BE54-9A1E7A4F7556}") = "EndorblastEngine", "EndorblastEngine\EndorblastEngine.csproj", "{403AF4AD-DEE3-4AD9-B8E6-696554060090}"
EndProject
Project("{9A19103F-16F7-4668-BE54-9A1E7A4F7556}") = "Endorblast.Library", "Endorblast.Library\Endorblast.Library.csproj", "{7713325A-35D2-485A-B7A4-458BEE9D961E}"
EndProject
Project("{FAE04EC0-301F-11D3-BF4B-00C04F79EFBC}") = "EndorblastEngine.MasterServer", "EndorblastEngine.MasterServer\EndorblastEngine.MasterServer.csproj", "{57910D75-3957-4771-9A51-8ED81B8801E6}"
EndProject
Project("{FAE04EC0-301F-11D3-BF4B-00C04F79EFBC}") = "EndorblastEngine.GameServer", "EndorblastEngine.GameServer\EndorblastEngine.GameServer.csproj", "{A29AD96B-666A-4CF7-8BBF-D3DF5DA88607}"
EndProject
Project("{FAE04EC0-301F-11D3-BF4B-00C04F79EFBC}") = "Nez.Monogame.Standard", "Nez.Portable\Nez.Monogame.Standard.csproj", "{FFFE716F-2B5D-4A30-AADD-6E332C5510CC}"
EndProject
Project("{FAE04EC0-301F-11D3-BF4B-00C04F79EFBC}") = "Endorblast.DBase", "Endorblast.DBase\Endorblast.DBase.csproj", "{B62A7F91-B6E0-457A-9E81-851634E4787E}"
EndProject
Project("{FAE04EC0-301F-11D3-BF4B-00C04F79EFBC}") = "Endorblast.Discord", "Endorblast.Discord\Endorblast.Discord.csproj", "{5B03F95C-156F-4A9A-8E82-8C594A0455EE}"
EndProject
Project("{FAE04EC0-301F-11D3-BF4B-00C04F79EFBC}") = "EndorblastEngine.LoginServer", "EndorblastEngine.LoginServer\EndorblastEngine.LoginServer.csproj", "{258A89CB-ED99-492B-9588-A34FFC259728}"
EndProject
Project("{FAE04EC0-301F-11D3-BF4B-00C04F79EFBC}") = "Endorblast.Backend", "Endorblast.Backend\Endorblast.Backend.csproj", "{498139AD-FEB7-41CB-BDB6-2D5F7C13A7F4}"
EndProject
Project("{FAE04EC0-301F-11D3-BF4B-00C04F79EFBC}") = "Nez.Monogame.Standard.ImGui", "Nez.ImGui\Nez.Monogame.Standard.ImGui.csproj", "{61F04D3A-3A2B-426B-B787-6BB1EF52DC06}"
EndProject
Project("{FAE04EC0-301F-11D3-BF4B-00C04F79EFBC}") = "Nez.Monogame.Standard.Persistence", "Nez.Persistence\Nez.Monogame.Standard.Persistence.csproj", "{1A9D056E-FEC3-4CEA-AE22-A7B35952894A}"
EndProject
Project("{FAE04EC0-301F-11D3-BF4B-00C04F79EFBC}") = "EndorblastEditor", "EndorblastEditor\EndorblastEditor.csproj", "{A2585600-A74F-4AA3-B912-B17862791523}"
EndProject
Global
	GlobalSection(SolutionConfigurationPlatforms) = preSolution
		Debug|Any CPU = Debug|Any CPU
		Release|Any CPU = Release|Any CPU
	EndGlobalSection
	GlobalSection(ProjectConfigurationPlatforms) = postSolution
		{403AF4AD-DEE3-4AD9-B8E6-696554060090}.Debug|Any CPU.ActiveCfg = Debug|Any CPU
		{403AF4AD-DEE3-4AD9-B8E6-696554060090}.Debug|Any CPU.Build.0 = Debug|Any CPU
		{403AF4AD-DEE3-4AD9-B8E6-696554060090}.Release|Any CPU.ActiveCfg = Release|Any CPU
		{403AF4AD-DEE3-4AD9-B8E6-696554060090}.Release|Any CPU.Build.0 = Release|Any CPU
		{7713325A-35D2-485A-B7A4-458BEE9D961E}.Debug|Any CPU.ActiveCfg = Debug|Any CPU
		{7713325A-35D2-485A-B7A4-458BEE9D961E}.Debug|Any CPU.Build.0 = Debug|Any CPU
		{7713325A-35D2-485A-B7A4-458BEE9D961E}.Release|Any CPU.ActiveCfg = Release|Any CPU
		{7713325A-35D2-485A-B7A4-458BEE9D961E}.Release|Any CPU.Build.0 = Release|Any CPU
		{57910D75-3957-4771-9A51-8ED81B8801E6}.Debug|Any CPU.ActiveCfg = Debug|Any CPU
		{57910D75-3957-4771-9A51-8ED81B8801E6}.Debug|Any CPU.Build.0 = Debug|Any CPU
		{57910D75-3957-4771-9A51-8ED81B8801E6}.Release|Any CPU.ActiveCfg = Release|Any CPU
		{57910D75-3957-4771-9A51-8ED81B8801E6}.Release|Any CPU.Build.0 = Release|Any CPU
		{A29AD96B-666A-4CF7-8BBF-D3DF5DA88607}.Debug|Any CPU.ActiveCfg = Debug|Any CPU
		{A29AD96B-666A-4CF7-8BBF-D3DF5DA88607}.Debug|Any CPU.Build.0 = Debug|Any CPU
		{A29AD96B-666A-4CF7-8BBF-D3DF5DA88607}.Release|Any CPU.ActiveCfg = Release|Any CPU
		{A29AD96B-666A-4CF7-8BBF-D3DF5DA88607}.Release|Any CPU.Build.0 = Release|Any CPU
		{FFFE716F-2B5D-4A30-AADD-6E332C5510CC}.Debug|Any CPU.ActiveCfg = Debug|Any CPU
		{FFFE716F-2B5D-4A30-AADD-6E332C5510CC}.Debug|Any CPU.Build.0 = Debug|Any CPU
		{FFFE716F-2B5D-4A30-AADD-6E332C5510CC}.Release|Any CPU.ActiveCfg = Release|Any CPU
		{FFFE716F-2B5D-4A30-AADD-6E332C5510CC}.Release|Any CPU.Build.0 = Release|Any CPU
		{B62A7F91-B6E0-457A-9E81-851634E4787E}.Debug|Any CPU.ActiveCfg = Debug|Any CPU
		{B62A7F91-B6E0-457A-9E81-851634E4787E}.Debug|Any CPU.Build.0 = Debug|Any CPU
		{B62A7F91-B6E0-457A-9E81-851634E4787E}.Release|Any CPU.ActiveCfg = Release|Any CPU
		{B62A7F91-B6E0-457A-9E81-851634E4787E}.Release|Any CPU.Build.0 = Release|Any CPU
		{5B03F95C-156F-4A9A-8E82-8C594A0455EE}.Debug|Any CPU.ActiveCfg = Debug|Any CPU
		{5B03F95C-156F-4A9A-8E82-8C594A0455EE}.Debug|Any CPU.Build.0 = Debug|Any CPU
		{5B03F95C-156F-4A9A-8E82-8C594A0455EE}.Release|Any CPU.ActiveCfg = Release|Any CPU
		{5B03F95C-156F-4A9A-8E82-8C594A0455EE}.Release|Any CPU.Build.0 = Release|Any CPU
		{258A89CB-ED99-492B-9588-A34FFC259728}.Debug|Any CPU.ActiveCfg = Debug|Any CPU
		{258A89CB-ED99-492B-9588-A34FFC259728}.Debug|Any CPU.Build.0 = Debug|Any CPU
		{258A89CB-ED99-492B-9588-A34FFC259728}.Release|Any CPU.ActiveCfg = Release|Any CPU
		{258A89CB-ED99-492B-9588-A34FFC259728}.Release|Any CPU.Build.0 = Release|Any CPU
		{498139AD-FEB7-41CB-BDB6-2D5F7C13A7F4}.Debug|Any CPU.ActiveCfg = Debug|Any CPU
		{498139AD-FEB7-41CB-BDB6-2D5F7C13A7F4}.Debug|Any CPU.Build.0 = Debug|Any CPU
		{498139AD-FEB7-41CB-BDB6-2D5F7C13A7F4}.Release|Any CPU.ActiveCfg = Release|Any CPU
		{498139AD-FEB7-41CB-BDB6-2D5F7C13A7F4}.Release|Any CPU.Build.0 = Release|Any CPU
		{61F04D3A-3A2B-426B-B787-6BB1EF52DC06}.Debug|Any CPU.ActiveCfg = Debug|Any CPU
		{61F04D3A-3A2B-426B-B787-6BB1EF52DC06}.Debug|Any CPU.Build.0 = Debug|Any CPU
		{61F04D3A-3A2B-426B-B787-6BB1EF52DC06}.Release|Any CPU.ActiveCfg = Release|Any CPU
		{61F04D3A-3A2B-426B-B787-6BB1EF52DC06}.Release|Any CPU.Build.0 = Release|Any CPU
		{1A9D056E-FEC3-4CEA-AE22-A7B35952894A}.Debug|Any CPU.ActiveCfg = Debug|Any CPU
		{1A9D056E-FEC3-4CEA-AE22-A7B35952894A}.Debug|Any CPU.Build.0 = Debug|Any CPU
		{1A9D056E-FEC3-4CEA-AE22-A7B35952894A}.Release|Any CPU.ActiveCfg = Release|Any CPU
		{1A9D056E-FEC3-4CEA-AE22-A7B35952894A}.Release|Any CPU.Build.0 = Release|Any CPU
		{A2585600-A74F-4AA3-B912-B17862791523}.Debug|Any CPU.ActiveCfg = Debug|Any CPU
		{A2585600-A74F-4AA3-B912-B17862791523}.Debug|Any CPU.Build.0 = Debug|Any CPU
		{A2585600-A74F-4AA3-B912-B17862791523}.Release|Any CPU.ActiveCfg = Release|Any CPU
		{A2585600-A74F-4AA3-B912-B17862791523}.Release|Any CPU.Build.0 = Release|Any CPU
	EndGlobalSection
	GlobalSection(SolutionProperties) = preSolution
		HideSolutionNode = FALSE
	EndGlobalSection
	GlobalSection(ExtensibilityGlobals) = postSolution
		SolutionGuid = {2814846E-A660-4803-96C1-0CD3F39B92FA}
	EndGlobalSection
EndGlobal
