
Microsoft Visual Studio Solution File, Format Version 12.00
Project("{FAE04EC0-301F-11D3-BF4B-00C04F79EFBC}") = "EndorblastEngine", "EndorblastEngine\EndorblastEngine.csproj", "{FB1B5753-3498-4A03-A7B4-0E9116AD9D89}"
EndProject
Project("{FAE04EC0-301F-11D3-BF4B-00C04F79EFBC}") = "EndorblastEditor", "EndorblastEditor\EndorblastEditor.csproj", "{66D552DD-17AC-49D0-8274-F98CAF3AC6F0}"
EndProject
Project("{FAE04EC0-301F-11D3-BF4B-00C04F79EFBC}") = "Endorblast.Lib", "Endorblast.Lib\Endorblast.Lib.csproj", "{4634AD28-963C-42F9-88AA-8A73B568B8B2}"
EndProject
Project("{FAE04EC0-301F-11D3-BF4B-00C04F79EFBC}") = "Endorblast.Discord", "Endorblast.Discord\Endorblast.Discord.csproj", "{94E2D89D-FDAE-4C3D-AC5A-044AD2F8F356}"
EndProject
Project("{FAE04EC0-301F-11D3-BF4B-00C04F79EFBC}") = "Endorblast.ImGui", "Endorblast.ImGui\Endorblast.ImGui.csproj", "{2268084E-CEDB-4879-B751-E978BB80D803}"
EndProject
Project("{FAE04EC0-301F-11D3-BF4B-00C04F79EFBC}") = "EndorblastEngine.Server", "EndorblastEngine.Server\EndorblastEngine.Server.csproj", "{BC416103-27AF-4E2B-AB16-E7F890F8B2E8}"
EndProject
Project("{FAE04EC0-301F-11D3-BF4B-00C04F79EFBC}") = "Endorblast.DB", "Endorblast.DB\Endorblast.DB.csproj", "{C901695C-F87D-4765-9A83-138295552902}"
EndProject
Global
	GlobalSection(SolutionConfigurationPlatforms) = preSolution
		Debug|Any CPU = Debug|Any CPU
		Release|Any CPU = Release|Any CPU
	EndGlobalSection
	GlobalSection(ProjectConfigurationPlatforms) = postSolution
		{FB1B5753-3498-4A03-A7B4-0E9116AD9D89}.Debug|Any CPU.ActiveCfg = Debug|Any CPU
		{FB1B5753-3498-4A03-A7B4-0E9116AD9D89}.Debug|Any CPU.Build.0 = Debug|Any CPU
		{FB1B5753-3498-4A03-A7B4-0E9116AD9D89}.Release|Any CPU.ActiveCfg = Release|Any CPU
		{FB1B5753-3498-4A03-A7B4-0E9116AD9D89}.Release|Any CPU.Build.0 = Release|Any CPU
		{66D552DD-17AC-49D0-8274-F98CAF3AC6F0}.Debug|Any CPU.ActiveCfg = Debug|Any CPU
		{66D552DD-17AC-49D0-8274-F98CAF3AC6F0}.Debug|Any CPU.Build.0 = Debug|Any CPU
		{66D552DD-17AC-49D0-8274-F98CAF3AC6F0}.Release|Any CPU.ActiveCfg = Release|Any CPU
		{66D552DD-17AC-49D0-8274-F98CAF3AC6F0}.Release|Any CPU.Build.0 = Release|Any CPU
		{4634AD28-963C-42F9-88AA-8A73B568B8B2}.Debug|Any CPU.ActiveCfg = Debug|Any CPU
		{4634AD28-963C-42F9-88AA-8A73B568B8B2}.Debug|Any CPU.Build.0 = Debug|Any CPU
		{4634AD28-963C-42F9-88AA-8A73B568B8B2}.Release|Any CPU.ActiveCfg = Release|Any CPU
		{4634AD28-963C-42F9-88AA-8A73B568B8B2}.Release|Any CPU.Build.0 = Release|Any CPU
		{94E2D89D-FDAE-4C3D-AC5A-044AD2F8F356}.Debug|Any CPU.ActiveCfg = Debug|Any CPU
		{94E2D89D-FDAE-4C3D-AC5A-044AD2F8F356}.Debug|Any CPU.Build.0 = Debug|Any CPU
		{94E2D89D-FDAE-4C3D-AC5A-044AD2F8F356}.Release|Any CPU.ActiveCfg = Release|Any CPU
		{94E2D89D-FDAE-4C3D-AC5A-044AD2F8F356}.Release|Any CPU.Build.0 = Release|Any CPU
		{2268084E-CEDB-4879-B751-E978BB80D803}.Debug|Any CPU.ActiveCfg = Debug|Any CPU
		{2268084E-CEDB-4879-B751-E978BB80D803}.Debug|Any CPU.Build.0 = Debug|Any CPU
		{2268084E-CEDB-4879-B751-E978BB80D803}.Release|Any CPU.ActiveCfg = Release|Any CPU
		{2268084E-CEDB-4879-B751-E978BB80D803}.Release|Any CPU.Build.0 = Release|Any CPU
		{BC416103-27AF-4E2B-AB16-E7F890F8B2E8}.Debug|Any CPU.ActiveCfg = Debug|Any CPU
		{BC416103-27AF-4E2B-AB16-E7F890F8B2E8}.Debug|Any CPU.Build.0 = Debug|Any CPU
		{BC416103-27AF-4E2B-AB16-E7F890F8B2E8}.Release|Any CPU.ActiveCfg = Release|Any CPU
		{BC416103-27AF-4E2B-AB16-E7F890F8B2E8}.Release|Any CPU.Build.0 = Release|Any CPU
		{C901695C-F87D-4765-9A83-138295552902}.Debug|Any CPU.ActiveCfg = Debug|Any CPU
		{C901695C-F87D-4765-9A83-138295552902}.Debug|Any CPU.Build.0 = Debug|Any CPU
		{C901695C-F87D-4765-9A83-138295552902}.Release|Any CPU.ActiveCfg = Release|Any CPU
		{C901695C-F87D-4765-9A83-138295552902}.Release|Any CPU.Build.0 = Release|Any CPU
	EndGlobalSection
EndGlobal
