
Microsoft Visual Studio Solution File, Format Version 12.00
# Visual Studio Version 16
VisualStudioVersion = 16.0.29920.165
MinimumVisualStudioVersion = 10.0.40219.1
Project("{9A19103F-16F7-4668-BE54-9A1E7A4F7556}") = "Endorblast", "Endorblast\Endorblast.csproj", "{403AF4AD-DEE3-4AD9-B8E6-696554060090}"
EndProject
Project("{9A19103F-16F7-4668-BE54-9A1E7A4F7556}") = "Endorblast.Lib", "Endorblast.Lib\Endorblast.Lib.csproj", "{7713325A-35D2-485A-B7A4-458BEE9D961E}"
EndProject
Project("{FAE04EC0-301F-11D3-BF4B-00C04F79EFBC}") = "Endorblast.MasterServer", "Endorblast.MasterServer\Endorblast.MasterServer.csproj", "{57910D75-3957-4771-9A51-8ED81B8801E6}"
EndProject
Project("{FAE04EC0-301F-11D3-BF4B-00C04F79EFBC}") = "Endorblast.GameServer", "Endorblast.GameServer\Endorblast.GameServer.csproj", "{A29AD96B-666A-4CF7-8BBF-D3DF5DA88607}"
EndProject
Project("{FAE04EC0-301F-11D3-BF4B-00C04F79EFBC}") = "Nez.Monogame.Standard", "Nez.Portable\Nez.Monogame.Standard.csproj", "{FFFE716F-2B5D-4A30-AADD-6E332C5510CC}"
EndProject
Global
	GlobalSection(SolutionConfigurationPlatforms) = preSolution
		Debug|Any CPU = Debug|Any CPU
		Release|Any CPU = Release|Any CPU
	EndGlobalSection
	GlobalSection(ProjectConfigurationPlatforms) = postSolution
		{403AF4AD-DEE3-4AD9-B8E6-696554060090}.Debug|Any CPU.ActiveCfg = Debug|Any CPU
		{403AF4AD-DEE3-4AD9-B8E6-696554060090}.Debug|Any CPU.Build.0 = Debug|Any CPU
		{403AF4AD-DEE3-4AD9-B8E6-696554060090}.Release|Any CPU.ActiveCfg = Release|Any CPU
		{403AF4AD-DEE3-4AD9-B8E6-696554060090}.Release|Any CPU.Build.0 = Release|Any CPU
		{7713325A-35D2-485A-B7A4-458BEE9D961E}.Debug|Any CPU.ActiveCfg = Debug|Any CPU
		{7713325A-35D2-485A-B7A4-458BEE9D961E}.Debug|Any CPU.Build.0 = Debug|Any CPU
		{7713325A-35D2-485A-B7A4-458BEE9D961E}.Release|Any CPU.ActiveCfg = Release|Any CPU
		{7713325A-35D2-485A-B7A4-458BEE9D961E}.Release|Any CPU.Build.0 = Release|Any CPU
		{57910D75-3957-4771-9A51-8ED81B8801E6}.Debug|Any CPU.ActiveCfg = Debug|Any CPU
		{57910D75-3957-4771-9A51-8ED81B8801E6}.Debug|Any CPU.Build.0 = Debug|Any CPU
		{57910D75-3957-4771-9A51-8ED81B8801E6}.Release|Any CPU.ActiveCfg = Release|Any CPU
		{57910D75-3957-4771-9A51-8ED81B8801E6}.Release|Any CPU.Build.0 = Release|Any CPU
		{A29AD96B-666A-4CF7-8BBF-D3DF5DA88607}.Debug|Any CPU.ActiveCfg = Debug|Any CPU
		{A29AD96B-666A-4CF7-8BBF-D3DF5DA88607}.Debug|Any CPU.Build.0 = Debug|Any CPU
		{A29AD96B-666A-4CF7-8BBF-D3DF5DA88607}.Release|Any CPU.ActiveCfg = Release|Any CPU
		{A29AD96B-666A-4CF7-8BBF-D3DF5DA88607}.Release|Any CPU.Build.0 = Release|Any CPU
		{FFFE716F-2B5D-4A30-AADD-6E332C5510CC}.Debug|Any CPU.ActiveCfg = Debug|Any CPU
		{FFFE716F-2B5D-4A30-AADD-6E332C5510CC}.Debug|Any CPU.Build.0 = Debug|Any CPU
		{FFFE716F-2B5D-4A30-AADD-6E332C5510CC}.Release|Any CPU.ActiveCfg = Release|Any CPU
		{FFFE716F-2B5D-4A30-AADD-6E332C5510CC}.Release|Any CPU.Build.0 = Release|Any CPU
	EndGlobalSection
	GlobalSection(SolutionProperties) = preSolution
		HideSolutionNode = FALSE
	EndGlobalSection
	GlobalSection(ExtensibilityGlobals) = postSolution
		SolutionGuid = {2814846E-A660-4803-96C1-0CD3F39B92FA}
	EndGlobalSection
EndGlobal
